
Microsoft Visual Studio Solution File, Format Version 12.00
# Visual Studio Version 17
VisualStudioVersion = 17.12.35707.178 d17.12
MinimumVisualStudioVersion = 10.0.40219.1
Project("{FAE04EC0-301F-11D3-BF4B-00C04F79EFBC}") = "L250218", "L250218.csproj", "{B81A87FA-4943-47DB-9233-4714C0D8191F}"
EndProject
Global
	GlobalSection(SolutionConfigurationPlatforms) = preSolution
		Debug|Any CPU = Debug|Any CPU
		Release|Any CPU = Release|Any CPU
	EndGlobalSection
	GlobalSection(ProjectConfigurationPlatforms) = postSolution
		{B81A87FA-4943-47DB-9233-4714C0D8191F}.Debug|Any CPU.ActiveCfg = Debug|Any CPU
		{B81A87FA-4943-47DB-9233-4714C0D8191F}.Debug|Any CPU.Build.0 = Debug|Any CPU
		{B81A87FA-4943-47DB-9233-4714C0D8191F}.Release|Any CPU.ActiveCfg = Release|Any CPU
		{B81A87FA-4943-47DB-9233-4714C0D8191F}.Release|Any CPU.Build.0 = Release|Any CPU
	EndGlobalSection
	GlobalSection(SolutionProperties) = preSolution
		HideSolutionNode = FALSE
	EndGlobalSection
EndGlobal
